{
	"name": "CWOX",
	"version": "1.0.0",
	"lockfileVersion": 1,
	"requires": true,
	"dependencies": {
		"morse-pro": {
			"version": "3.0.1",
			"resolved": "https://registry.npmmirror.com/morse-pro/-/morse-pro-3.0.1.tgz",
			"integrity": "sha512-NF6jyfayUSLQGk/iOqKr/K7juPqLKSpKm+4+ueVJAMNZE9c8FUMqXvmg1U6PO2TFMzqENqVwgeXMSn/SMROVwQ=="
		}
	}
}
